
Microsoft Visual Studio Solution File, Format Version 12.00
# Visual Studio 14
VisualStudioVersion = 14.0.25420.1
MinimumVisualStudioVersion = 10.0.40219.1
Project("{FAE04EC0-301F-11D3-BF4B-00C04F79EFBC}") = "CorTabernaclChoir", "CorTabernaclChoir\CorTabernaclChoir.csproj", "{D8656EB0-FCAF-4B88-9CD0-9D0F0A721F3E}"
EndProject
Project("{FAE04EC0-301F-11D3-BF4B-00C04F79EFBC}") = "CorTabernaclChoir.Tests", "CorTabernaclChoir.Tests\CorTabernaclChoir.Tests.csproj", "{5CB4F3A4-B3A0-4622-A0F1-BE8D09AB151F}"
EndProject
Project("{FAE04EC0-301F-11D3-BF4B-00C04F79EFBC}") = "CorTabernaclChoir.Common", "CorTabernaclChoir.Models\CorTabernaclChoir.Common.csproj", "{B5447CF1-51FB-4F0E-AE02-AAEC3AA6672C}"
EndProject
Project("{FAE04EC0-301F-11D3-BF4B-00C04F79EFBC}") = "CorTabernaclChoir.Data", "CorTabernaclChoir.Data\CorTabernaclChoir.Data.csproj", "{4BF5E40B-B449-440C-A9E6-C78F0A30BE73}"
EndProject
Project("{FAE04EC0-301F-11D3-BF4B-00C04F79EFBC}") = "CorTabernaclChoir.Data.Contracts", "CorTabernaclChoir.Data.Contracts\CorTabernaclChoir.Data.Contracts.csproj", "{A4512B22-CEBA-4135-A267-50E772B7D6CF}"
EndProject
Project("{FAE04EC0-301F-11D3-BF4B-00C04F79EFBC}") = "CorTabernaclChoir.Services", "CorTabernaclChoir.Services\CorTabernaclChoir.Services.csproj", "{525461E3-2F00-4E43-B61E-15009C7AAC60}"
EndProject
Project("{FAE04EC0-301F-11D3-BF4B-00C04F79EFBC}") = "CorTabernaclChoir.Mapper", "CorTabernaclChoir.Mapper\CorTabernaclChoir.Mapper.csproj", "{C057FF65-69AD-4C64-9420-67EF5CD2D680}"
EndProject
Global
	GlobalSection(SolutionConfigurationPlatforms) = preSolution
		Debug|Any CPU = Debug|Any CPU
		Release|Any CPU = Release|Any CPU
	EndGlobalSection
	GlobalSection(ProjectConfigurationPlatforms) = postSolution
		{D8656EB0-FCAF-4B88-9CD0-9D0F0A721F3E}.Debug|Any CPU.ActiveCfg = Debug|Any CPU
		{D8656EB0-FCAF-4B88-9CD0-9D0F0A721F3E}.Debug|Any CPU.Build.0 = Debug|Any CPU
		{D8656EB0-FCAF-4B88-9CD0-9D0F0A721F3E}.Release|Any CPU.ActiveCfg = Release|Any CPU
		{D8656EB0-FCAF-4B88-9CD0-9D0F0A721F3E}.Release|Any CPU.Build.0 = Release|Any CPU
		{5CB4F3A4-B3A0-4622-A0F1-BE8D09AB151F}.Debug|Any CPU.ActiveCfg = Debug|Any CPU
		{5CB4F3A4-B3A0-4622-A0F1-BE8D09AB151F}.Debug|Any CPU.Build.0 = Debug|Any CPU
		{5CB4F3A4-B3A0-4622-A0F1-BE8D09AB151F}.Release|Any CPU.ActiveCfg = Release|Any CPU
		{5CB4F3A4-B3A0-4622-A0F1-BE8D09AB151F}.Release|Any CPU.Build.0 = Release|Any CPU
		{B5447CF1-51FB-4F0E-AE02-AAEC3AA6672C}.Debug|Any CPU.ActiveCfg = Debug|Any CPU
		{B5447CF1-51FB-4F0E-AE02-AAEC3AA6672C}.Debug|Any CPU.Build.0 = Debug|Any CPU
		{B5447CF1-51FB-4F0E-AE02-AAEC3AA6672C}.Release|Any CPU.ActiveCfg = Release|Any CPU
		{B5447CF1-51FB-4F0E-AE02-AAEC3AA6672C}.Release|Any CPU.Build.0 = Release|Any CPU
		{4BF5E40B-B449-440C-A9E6-C78F0A30BE73}.Debug|Any CPU.ActiveCfg = Debug|Any CPU
		{4BF5E40B-B449-440C-A9E6-C78F0A30BE73}.Debug|Any CPU.Build.0 = Debug|Any CPU
		{4BF5E40B-B449-440C-A9E6-C78F0A30BE73}.Release|Any CPU.ActiveCfg = Release|Any CPU
		{4BF5E40B-B449-440C-A9E6-C78F0A30BE73}.Release|Any CPU.Build.0 = Release|Any CPU
		{A4512B22-CEBA-4135-A267-50E772B7D6CF}.Debug|Any CPU.ActiveCfg = Debug|Any CPU
		{A4512B22-CEBA-4135-A267-50E772B7D6CF}.Debug|Any CPU.Build.0 = Debug|Any CPU
		{A4512B22-CEBA-4135-A267-50E772B7D6CF}.Release|Any CPU.ActiveCfg = Release|Any CPU
		{A4512B22-CEBA-4135-A267-50E772B7D6CF}.Release|Any CPU.Build.0 = Release|Any CPU
		{525461E3-2F00-4E43-B61E-15009C7AAC60}.Debug|Any CPU.ActiveCfg = Debug|Any CPU
		{525461E3-2F00-4E43-B61E-15009C7AAC60}.Debug|Any CPU.Build.0 = Debug|Any CPU
		{525461E3-2F00-4E43-B61E-15009C7AAC60}.Release|Any CPU.ActiveCfg = Release|Any CPU
		{525461E3-2F00-4E43-B61E-15009C7AAC60}.Release|Any CPU.Build.0 = Release|Any CPU
		{C057FF65-69AD-4C64-9420-67EF5CD2D680}.Debug|Any CPU.ActiveCfg = Debug|Any CPU
		{C057FF65-69AD-4C64-9420-67EF5CD2D680}.Debug|Any CPU.Build.0 = Debug|Any CPU
		{C057FF65-69AD-4C64-9420-67EF5CD2D680}.Release|Any CPU.ActiveCfg = Release|Any CPU
		{C057FF65-69AD-4C64-9420-67EF5CD2D680}.Release|Any CPU.Build.0 = Release|Any CPU
	EndGlobalSection
	GlobalSection(SolutionProperties) = preSolution
		HideSolutionNode = FALSE
	EndGlobalSection
EndGlobal
